
Microsoft Visual Studio Solution File, Format Version 12.00
# Visual Studio Version 16
VisualStudioVersion = 16.0.30114.105
MinimumVisualStudioVersion = 10.0.40219.1
Project("{F2A71F9B-5D33-465A-A702-920D77279786}") = "Web", "Web\Web.fsproj", "{C470CB17-11CC-4755-A662-451F8F0CCD6F}"
EndProject
Project("{FAE04EC0-301F-11D3-BF4B-00C04F79EFBC}") = "BankAccountDB", "BankAccountDB\BankAccountDB.csproj", "{C4190DDE-94F3-4B0B-8D7F-9887EB583105}"
EndProject
Project("{F2A71F9B-5D33-465A-A702-920D77279786}") = "Core", "Core\Core.fsproj", "{15ECBB0D-A91D-4D56-834F-1522FA6CAF1E}"
EndProject
Global
	GlobalSection(SolutionConfigurationPlatforms) = preSolution
		Debug|Any CPU = Debug|Any CPU
		Release|Any CPU = Release|Any CPU
	EndGlobalSection
	GlobalSection(SolutionProperties) = preSolution
		HideSolutionNode = FALSE
	EndGlobalSection
	GlobalSection(ProjectConfigurationPlatforms) = postSolution
		{C470CB17-11CC-4755-A662-451F8F0CCD6F}.Debug|Any CPU.ActiveCfg = Debug|Any CPU
		{C470CB17-11CC-4755-A662-451F8F0CCD6F}.Debug|Any CPU.Build.0 = Debug|Any CPU
		{C470CB17-11CC-4755-A662-451F8F0CCD6F}.Release|Any CPU.ActiveCfg = Release|Any CPU
		{C470CB17-11CC-4755-A662-451F8F0CCD6F}.Release|Any CPU.Build.0 = Release|Any CPU
		{C4190DDE-94F3-4B0B-8D7F-9887EB583105}.Debug|Any CPU.ActiveCfg = Debug|Any CPU
		{C4190DDE-94F3-4B0B-8D7F-9887EB583105}.Debug|Any CPU.Build.0 = Debug|Any CPU
		{C4190DDE-94F3-4B0B-8D7F-9887EB583105}.Release|Any CPU.ActiveCfg = Release|Any CPU
		{C4190DDE-94F3-4B0B-8D7F-9887EB583105}.Release|Any CPU.Build.0 = Release|Any CPU
		{15ECBB0D-A91D-4D56-834F-1522FA6CAF1E}.Debug|Any CPU.ActiveCfg = Debug|Any CPU
		{15ECBB0D-A91D-4D56-834F-1522FA6CAF1E}.Debug|Any CPU.Build.0 = Debug|Any CPU
		{15ECBB0D-A91D-4D56-834F-1522FA6CAF1E}.Release|Any CPU.ActiveCfg = Release|Any CPU
		{15ECBB0D-A91D-4D56-834F-1522FA6CAF1E}.Release|Any CPU.Build.0 = Release|Any CPU
	EndGlobalSection
EndGlobal
